
Microsoft Visual Studio Solution File, Format Version 12.00
# Visual Studio Version 17
VisualStudioVersion = 17.14.37411.7 d17.14
MinimumVisualStudioVersion = 10.0.40219.1
Project("{FAE04EC0-301F-11D3-BF4B-00C04F79EFBC}") = "DJform", "DJform.csproj", "{485F2299-521C-4B63-AFA2-E467AC7B0253}"
EndProject
Global
	GlobalSection(SolutionConfigurationPlatforms) = preSolution
		Debug|Any CPU = Debug|Any CPU
		Release|Any CPU = Release|Any CPU
	EndGlobalSection
	GlobalSection(ProjectConfigurationPlatforms) = postSolution
		{485F2299-521C-4B63-AFA2-E467AC7B0253}.Debug|Any CPU.ActiveCfg = Debug|Any CPU
		{485F2299-521C-4B63-AFA2-E467AC7B0253}.Debug|Any CPU.Build.0 = Debug|Any CPU
		{485F2299-521C-4B63-AFA2-E467AC7B0253}.Release|Any CPU.ActiveCfg = Release|Any CPU
		{485F2299-521C-4B63-AFA2-E467AC7B0253}.Release|Any CPU.Build.0 = Release|Any CPU
	EndGlobalSection
	GlobalSection(SolutionProperties) = preSolution
		HideSolutionNode = FALSE
	EndGlobalSection
	GlobalSection(ExtensibilityGlobals) = postSolution
		SolutionGuid = {384F54F3-351D-4E7D-ACC0-47A1D4B0C105}
	EndGlobalSection
EndGlobal
